
Microsoft Visual Studio Solution File, Format Version 12.00
# Visual Studio 15
VisualStudioVersion = 15.0.27004.2010
MinimumVisualStudioVersion = 10.0.40219.1
Project("{FAE04EC0-301F-11D3-BF4B-00C04F79EFBC}") = "MusicToRzr", "MusicToRzr\MusicToRzr.csproj", "{B3E7D152-8144-434B-9485-D747BE0869FB}"
EndProject
Global
	GlobalSection(SolutionConfigurationPlatforms) = preSolution
		Debug|Any CPU = Debug|Any CPU
		Release|Any CPU = Release|Any CPU
	EndGlobalSection
	GlobalSection(ProjectConfigurationPlatforms) = postSolution
		{B3E7D152-8144-434B-9485-D747BE0869FB}.Debug|Any CPU.ActiveCfg = Debug|Any CPU
		{B3E7D152-8144-434B-9485-D747BE0869FB}.Debug|Any CPU.Build.0 = Debug|Any CPU
		{B3E7D152-8144-434B-9485-D747BE0869FB}.Release|Any CPU.ActiveCfg = Release|Any CPU
		{B3E7D152-8144-434B-9485-D747BE0869FB}.Release|Any CPU.Build.0 = Release|Any CPU
	EndGlobalSection
	GlobalSection(SolutionProperties) = preSolution
		HideSolutionNode = FALSE
	EndGlobalSection
	GlobalSection(ExtensibilityGlobals) = postSolution
		SolutionGuid = {E6057A34-6678-4D82-9F52-5575CEF4C841}
	EndGlobalSection
EndGlobal
